// !$*UTF8*$!
{
	archiveVersion = 1;
	classes = {
	};
	objectVersion = 56;
	objects = {

/* Begin PBXBuildFile section */
		B1AFC5572A6A86F50041685D /* ITunesApp.swift in Sources */ = {isa = PBXBuildFile; fileRef = B1AFC5562A6A86F50041685D /* ITunesApp.swift */; };
		B1AFC5592A6A86F50041685D /* ContentView.swift in Sources */ = {isa = PBXBuildFile; fileRef = B1AFC5582A6A86F50041685D /* ContentView.swift */; };
		B1AFC55B2A6A86F80041685D /* Assets.xcassets in Resources */ = {isa = PBXBuildFile; fileRef = B1AFC55A2A6A86F80041685D /* Assets.xcassets */; };
		B1AFC55E2A6A86F80041685D /* Preview Assets.xcassets in Resources */ = {isa = PBXBuildFile; fileRef = B1AFC55D2A6A86F80041685D /* Preview Assets.xcassets */; };
		B1AFC5682A6A86F80041685D /* ITunesTests.swift in Sources */ = {isa = PBXBuildFile; fileRef = B1AFC5672A6A86F80041685D /* ITunesTests.swift */; };
		B1AFC5722A6A86F80041685D /* ITunesUITests.swift in Sources */ = {isa = PBXBuildFile; fileRef = B1AFC5712A6A86F80041685D /* ITunesUITests.swift */; };
		B1AFC5742A6A86F80041685D /* ITunesUITestsLaunchTests.swift in Sources */ = {isa = PBXBuildFile; fileRef = B1AFC5732A6A86F80041685D /* ITunesUITestsLaunchTests.swift */; };
/* End PBXBuildFile section */

/* Begin PBXContainerItemProxy section */
		B1AFC5642A6A86F80041685D /* PBXContainerItemProxy */ = {
			isa = PBXContainerItemProxy;
			containerPortal = B1AFC54B2A6A86F50041685D /* Project object */;
			proxyType = 1;
			remoteGlobalIDString = B1AFC5522A6A86F50041685D;
			remoteInfo = ITunes;
		};
		B1AFC56E2A6A86F80041685D /* PBXContainerItemProxy */ = {
			isa = PBXContainerItemProxy;
			containerPortal = B1AFC54B2A6A86F50041685D /* Project object */;
			proxyType = 1;
			remoteGlobalIDString = B1AFC5522A6A86F50041685D;
			remoteInfo = ITunes;
		};
/* End PBXContainerItemProxy section */

/* Begin PBXFileReference section */
		B1AFC5532A6A86F50041685D /* ITunes.app */ = {isa = PBXFileReference; explicitFileType = wrapper.application; includeInIndex = 0; path = ITunes.app; sourceTree = BUILT_PRODUCTS_DIR; };
		B1AFC5562A6A86F50041685D /* ITunesApp.swift */ = {isa = PBXFileReference; lastKnownFileType = sourcecode.swift; path = ITunesApp.swift; sourceTree = "<group>"; };
		B1AFC5582A6A86F50041685D /* ContentView.swift */ = {isa = PBXFileReference; lastKnownFileType = sourcecode.swift; path = ContentView.swift; sourceTree = "<group>"; };
		B1AFC55A2A6A86F80041685D /* Assets.xcassets */ = {isa = PBXFileReference; lastKnownFileType = folder.assetcatalog; path = Assets.xcassets; sourceTree = "<group>"; };
		B1AFC55D2A6A86F80041685D /* Preview Assets.xcassets */ = {isa = PBXFileReference; lastKnownFileType = folder.assetcatalog; path = "Preview Assets.xcassets"; sourceTree = "<group>"; };
		B1AFC5632A6A86F80041685D /* ITunesTests.xctest */ = {isa = PBXFileReference; explicitFileType = wrapper.cfbundle; includeInIndex = 0; path = ITunesTests.xctest; sourceTree = BUILT_PRODUCTS_DIR; };
		B1AFC5672A6A86F80041685D /* ITunesTests.swift */ = {isa = PBXFileReference; lastKnownFileType = sourcecode.swift; path = ITunesTests.swift; sourceTree = "<group>"; };
		B1AFC56D2A6A86F80041685D /* ITunesUITests.xctest */ = {isa = PBXFileReference; explicitFileType = wrapper.cfbundle; includeInIndex = 0; path = ITunesUITests.xctest; sourceTree = BUILT_PRODUCTS_DIR; };
		B1AFC5712A6A86F80041685D /* ITunesUITests.swift */ = {isa = PBXFileReference; lastKnownFileType = sourcecode.swift; path = ITunesUITests.swift; sourceTree = "<group>"; };
		B1AFC5732A6A86F80041685D /* ITunesUITestsLaunchTests.swift */ = {isa = PBXFileReference; lastKnownFileType = sourcecode.swift; path = ITunesUITestsLaunchTests.swift; sourceTree = "<group>"; };
/* End PBXFileReference section */

/* Begin PBXFrameworksBuildPhase section */
		B1AFC5502A6A86F50041685D /* Frameworks */ = {
			isa = PBXFrameworksBuildPhase;
			buildActionMask = 2147483647;
			files = (
			);
			runOnlyForDeploymentPostprocessing = 0;
		};
		B1AFC5602A6A86F80041685D /* Frameworks */ = {
			isa = PBXFrameworksBuildPhase;
			buildActionMask = 2147483647;
			files = (
			);
			runOnlyForDeploymentPostprocessing = 0;
		};
		B1AFC56A2A6A86F80041685D /* Frameworks */ = {
			isa = PBXFrameworksBuildPhase;
			buildActionMask = 2147483647;
			files = (
			);
			runOnlyForDeploymentPostprocessing = 0;
		};
/* End PBXFrameworksBuildPhase section */

/* Begin PBXGroup section */
		B1AFC54A2A6A86F50041685D = {
			isa = PBXGroup;
			children = (
				B1AFC5552A6A86F50041685D /* ITunes */,
				B1AFC5662A6A86F80041685D /* ITunesTests */,
				B1AFC5702A6A86F80041685D /* ITunesUITests */,
				B1AFC5542A6A86F50041685D /* Products */,
			);
			sourceTree = "<group>";
		};
		B1AFC5542A6A86F50041685D /* Products */ = {
			isa = PBXGroup;
			children = (
				B1AFC5532A6A86F50041685D /* ITunes.app */,
				B1AFC5632A6A86F80041685D /* ITunesTests.xctest */,
				B1AFC56D2A6A86F80041685D /* ITunesUITests.xctest */,
			);
			name = Products;
			sourceTree = "<group>";
		};
		B1AFC5552A6A86F50041685D /* ITunes */ = {
			isa = PBXGroup;
			children = (
				B1AFC5562A6A86F50041685D /* ITunesApp.swift */,
				B1AFC5582A6A86F50041685D /* ContentView.swift */,
				B1AFC55A2A6A86F80041685D /* Assets.xcassets */,
				B1AFC55C2A6A86F80041685D /* Preview Content */,
			);
			path = ITunes;
			sourceTree = "<group>";
		};
		B1AFC55C2A6A86F80041685D /* Preview Content */ = {
			isa = PBXGroup;
			children = (
				B1AFC55D2A6A86F80041685D /* Preview Assets.xcassets */,
			);
			path = "Preview Content";
			sourceTree = "<group>";
		};
		B1AFC5662A6A86F80041685D /* ITunesTests */ = {
			isa = PBXGroup;
			children = (
				B1AFC5672A6A86F80041685D /* ITunesTests.swift */,
			);
			path = ITunesTests;
			sourceTree = "<group>";
		};
		B1AFC5702A6A86F80041685D /* ITunesUITests */ = {
			isa = PBXGroup;
			children = (
				B1AFC5712A6A86F80041685D /* ITunesUITests.swift */,
				B1AFC5732A6A86F80041685D /* ITunesUITestsLaunchTests.swift */,
			);
			path = ITunesUITests;
			sourceTree = "<group>";
		};
/* End PBXGroup section */

/* Begin PBXNativeTarget section */
		B1AFC5522A6A86F50041685D /* ITunes */ = {
			isa = PBXNativeTarget;
			buildConfigurationList = B1AFC5772A6A86F80041685D /* Build configuration list for PBXNativeTarget "ITunes" */;
			buildPhases = (
				B1AFC54F2A6A86F50041685D /* Sources */,
				B1AFC5502A6A86F50041685D /* Frameworks */,
				B1AFC5512A6A86F50041685D /* Resources */,
			);
			buildRules = (
			);
			dependencies = (
			);
			name = ITunes;
			productName = ITunes;
			productReference = B1AFC5532A6A86F50041685D /* ITunes.app */;
			productType = "com.apple.product-type.application";
		};
		B1AFC5622A6A86F80041685D /* ITunesTests */ = {
			isa = PBXNativeTarget;
			buildConfigurationList = B1AFC57A2A6A86F80041685D /* Build configuration list for PBXNativeTarget "ITunesTests" */;
			buildPhases = (
				B1AFC55F2A6A86F80041685D /* Sources */,
				B1AFC5602A6A86F80041685D /* Frameworks */,
				B1AFC5612A6A86F80041685D /* Resources */,
			);
			buildRules = (
			);
			dependencies = (
				B1AFC5652A6A86F80041685D /* PBXTargetDependency */,
			);
			name = ITunesTests;
			productName = ITunesTests;
			productReference = B1AFC5632A6A86F80041685D /* ITunesTests.xctest */;
			productType = "com.apple.product-type.bundle.unit-test";
		};
		B1AFC56C2A6A86F80041685D /* ITunesUITests */ = {
			isa = PBXNativeTarget;
			buildConfigurationList = B1AFC57D2A6A86F80041685D /* Build configuration list for PBXNativeTarget "ITunesUITests" */;
			buildPhases = (
				B1AFC5692A6A86F80041685D /* Sources */,
				B1AFC56A2A6A86F80041685D /* Frameworks */,
				B1AFC56B2A6A86F80041685D /* Resources */,
			);
			buildRules = (
			);
			dependencies = (
				B1AFC56F2A6A86F80041685D /* PBXTargetDependency */,
			);
			name = ITunesUITests;
			productName = ITunesUITests;
			productReference = B1AFC56D2A6A86F80041685D /* ITunesUITests.xctest */;
			productType = "com.apple.product-type.bundle.ui-testing";
		};
/* End PBXNativeTarget section */

/* Begin PBXProject section */
		B1AFC54B2A6A86F50041685D /* Project object */ = {
			isa = PBXProject;
			attributes = {
				BuildIndependentTargetsInParallel = 1;
				LastSwiftUpdateCheck = 1420;
				LastUpgradeCheck = 1420;
				TargetAttributes = {
					B1AFC5522A6A86F50041685D = {
						CreatedOnToolsVersion = 14.2;
					};
					B1AFC5622A6A86F80041685D = {
						CreatedOnToolsVersion = 14.2;
						TestTargetID = B1AFC5522A6A86F50041685D;
					};
					B1AFC56C2A6A86F80041685D = {
						CreatedOnToolsVersion = 14.2;
						TestTargetID = B1AFC5522A6A86F50041685D;
					};
				};
			};
			buildConfigurationList = B1AFC54E2A6A86F50041685D /* Build configuration list for PBXProject "ITunes" */;
			compatibilityVersion = "Xcode 14.0";
			developmentRegion = en;
			hasScannedForEncodings = 0;
			knownRegions = (
				en,
				Base,
			);
			mainGroup = B1AFC54A2A6A86F50041685D;
			productRefGroup = B1AFC5542A6A86F50041685D /* Products */;
			projectDirPath = "";
			projectRoot = "";
			targets = (
				B1AFC5522A6A86F50041685D /* ITunes */,
				B1AFC5622A6A86F80041685D /* ITunesTests */,
				B1AFC56C2A6A86F80041685D /* ITunesUITests */,
			);
		};
/* End PBXProject section */

/* Begin PBXResourcesBuildPhase section */
		B1AFC5512A6A86F50041685D /* Resources */ = {
			isa = PBXResourcesBuildPhase;
			buildActionMask = 2147483647;
			files = (
				B1AFC55E2A6A86F80041685D /* Preview Assets.xcassets in Resources */,
				B1AFC55B2A6A86F80041685D /* Assets.xcassets in Resources */,
			);
			runOnlyForDeploymentPostprocessing = 0;
		};
		B1AFC5612A6A86F80041685D /* Resources */ = {
			isa = PBXResourcesBuildPhase;
			buildActionMask = 2147483647;
			files = (
			);
			runOnlyForDeploymentPostprocessing = 0;
		};
		B1AFC56B2A6A86F80041685D /* Resources */ = {
			isa = PBXResourcesBuildPhase;
			buildActionMask = 2147483647;
			files = (
			);
			runOnlyForDeploymentPostprocessing = 0;
		};
/* End PBXResourcesBuildPhase section */

/* Begin PBXSourcesBuildPhase section */
		B1AFC54F2A6A86F50041685D /* Sources */ = {
			isa = PBXSourcesBuildPhase;
			buildActionMask = 2147483647;
			files = (
				B1AFC5592A6A86F50041685D /* ContentView.swift in Sources */,
				B1AFC5572A6A86F50041685D /* ITunesApp.swift in Sources */,
			);
			runOnlyForDeploymentPostprocessing = 0;
		};
		B1AFC55F2A6A86F80041685D /* Sources */ = {
			isa = PBXSourcesBuildPhase;
			buildActionMask = 2147483647;
			files = (
				B1AFC5682A6A86F80041685D /* ITunesTests.swift in Sources */,
			);
			runOnlyForDeploymentPostprocessing = 0;
		};
		B1AFC5692A6A86F80041685D /* Sources */ = {
			isa = PBXSourcesBuildPhase;
			buildActionMask = 2147483647;
			files = (
				B1AFC5742A6A86F80041685D /* ITunesUITestsLaunchTests.swift in Sources */,
				B1AFC5722A6A86F80041685D /* ITunesUITests.swift in Sources */,
			);
			runOnlyForDeploymentPostprocessing = 0;
		};
/* End PBXSourcesBuildPhase section */

/* Begin PBXTargetDependency section */
		B1AFC5652A6A86F80041685D /* PBXTargetDependency */ = {
			isa = PBXTargetDependency;
			target = B1AFC5522A6A86F50041685D /* ITunes */;
			targetProxy = B1AFC5642A6A86F80041685D /* PBXContainerItemProxy */;
		};
		B1AFC56F2A6A86F80041685D /* PBXTargetDependency */ = {
			isa = PBXTargetDependency;
			target = B1AFC5522A6A86F50041685D /* ITunes */;
			targetProxy = B1AFC56E2A6A86F80041685D /* PBXContainerItemProxy */;
		};
/* End PBXTargetDependency section */

/* Begin XCBuildConfiguration section */
		B1AFC5752A6A86F80041685D /* Debug */ = {
			isa = XCBuildConfiguration;
			buildSettings = {
				ALWAYS_SEARCH_USER_PATHS = NO;
				CLANG_ANALYZER_NONNULL = YES;
				CLANG_ANALYZER_NUMBER_OBJECT_CONVERSION = YES_AGGRESSIVE;
				CLANG_CXX_LANGUAGE_STANDARD = "gnu++20";
				CLANG_ENABLE_MODULES = YES;
				CLANG_ENABLE_OBJC_ARC = YES;
				CLANG_ENABLE_OBJC_WEAK = YES;
				CLANG_WARN_BLOCK_CAPTURE_AUTORELEASING = YES;
				CLANG_WARN_BOOL_CONVERSION = YES;
				CLANG_WARN_COMMA = YES;
				CLANG_WARN_CONSTANT_CONVERSION = YES;
				CLANG_WARN_DEPRECATED_OBJC_IMPLEMENTATIONS = YES;
				CLANG_WARN_DIRECT_OBJC_ISA_USAGE = YES_ERROR;
				CLANG_WARN_DOCUMENTATION_COMMENTS = YES;
				CLANG_WARN_EMPTY_BODY = YES;
				CLANG_WARN_ENUM_CONVERSION = YES;
				CLANG_WARN_INFINITE_RECURSION = YES;
				CLANG_WARN_INT_CONVERSION = YES;
				CLANG_WARN_NON_LITERAL_NULL_CONVERSION = YES;
				CLANG_WARN_OBJC_IMPLICIT_RETAIN_SELF = YES;
				CLANG_WARN_OBJC_LITERAL_CONVERSION = YES;
				CLANG_WARN_OBJC_ROOT_CLASS = YES_ERROR;
				CLANG_WARN_QUOTED_INCLUDE_IN_FRAMEWORK_HEADER = YES;
				CLANG_WARN_RANGE_LOOP_ANALYSIS = YES;
				CLANG_WARN_STRICT_PROTOTYPES = YES;
				CLANG_WARN_SUSPICIOUS_MOVE = YES;
				CLANG_WARN_UNGUARDED_AVAILABILITY = YES_AGGRESSIVE;
				CLANG_WARN_UNREACHABLE_CODE = YES;
				CLANG_WARN__DUPLICATE_METHOD_MATCH = YES;
				COPY_PHASE_STRIP = NO;
				DEBUG_INFORMATION_FORMAT = dwarf;
				ENABLE_STRICT_OBJC_MSGSEND = YES;
				ENABLE_TESTABILITY = YES;
				GCC_C_LANGUAGE_STANDARD = gnu11;
				GCC_DYNAMIC_NO_PIC = NO;
				GCC_NO_COMMON_BLOCKS = YES;
				GCC_OPTIMIZATION_LEVEL = 0;
				GCC_PREPROCESSOR_DEFINITIONS = (
					"DEBUG=1",
					"$(inherited)",
				);
				GCC_WARN_64_TO_32_BIT_CONVERSION = YES;
				GCC_WARN_ABOUT_RETURN_TYPE = YES_ERROR;
				GCC_WARN_UNDECLARED_SELECTOR = YES;
				GCC_WARN_UNINITIALIZED_AUTOS = YES_AGGRESSIVE;
				GCC_WARN_UNUSED_FUNCTION = YES;
				GCC_WARN_UNUSED_VARIABLE = YES;
				IPHONEOS_DEPLOYMENT_TARGET = 16.2;
				MTL_ENABLE_DEBUG_INFO = INCLUDE_SOURCE;
				MTL_FAST_MATH = YES;
				ONLY_ACTIVE_ARCH = YES;
				SDKROOT = iphoneos;
				SWIFT_ACTIVE_COMPILATION_CONDITIONS = DEBUG;
				SWIFT_OPTIMIZATION_LEVEL = "-Onone";
			};
			name = Debug;
		};
		B1AFC5762A6A86F80041685D /* Release */ = {
			isa = XCBuildConfiguration;
			buildSettings = {
				ALWAYS_SEARCH_USER_PATHS = NO;
				CLANG_ANALYZER_NONNULL = YES;
				CLANG_ANALYZER_NUMBER_OBJECT_CONVERSION = YES_AGGRESSIVE;
				CLANG_CXX_LANGUAGE_STANDARD = "gnu++20";
				CLANG_ENABLE_MODULES = YES;
				CLANG_ENABLE_OBJC_ARC = YES;
				CLANG_ENABLE_OBJC_WEAK = YES;
				CLANG_WARN_BLOCK_CAPTURE_AUTORELEASING = YES;
				CLANG_WARN_BOOL_CONVERSION = YES;
				CLANG_WARN_COMMA = YES;
				CLANG_WARN_CONSTANT_CONVERSION = YES;
				CLANG_WARN_DEPRECATED_OBJC_IMPLEMENTATIONS = YES;
				CLANG_WARN_DIRECT_OBJC_ISA_USAGE = YES_ERROR;
				CLANG_WARN_DOCUMENTATION_COMMENTS = YES;
				CLANG_WARN_EMPTY_BODY = YES;
				CLANG_WARN_ENUM_CONVERSION = YES;
				CLANG_WARN_INFINITE_RECURSION = YES;
				CLANG_WARN_INT_CONVERSION = YES;
				CLANG_WARN_NON_LITERAL_NULL_CONVERSION = YES;
				CLANG_WARN_OBJC_IMPLICIT_RETAIN_SELF = YES;
				CLANG_WARN_OBJC_LITERAL_CONVERSION = YES;
				CLANG_WARN_OBJC_ROOT_CLASS = YES_ERROR;
				CLANG_WARN_QUOTED_INCLUDE_IN_FRAMEWORK_HEADER = YES;
				CLANG_WARN_RANGE_LOOP_ANALYSIS = YES;
				CLANG_WARN_STRICT_PROTOTYPES = YES;
				CLANG_WARN_SUSPICIOUS_MOVE = YES;
				CLANG_WARN_UNGUARDED_AVAILABILITY = YES_AGGRESSIVE;
				CLANG_WARN_UNREACHABLE_CODE = YES;
				CLANG_WARN__DUPLICATE_METHOD_MATCH = YES;
				COPY_PHASE_STRIP = NO;
				DEBUG_INFORMATION_FORMAT = "dwarf-with-dsym";
				ENABLE_NS_ASSERTIONS = NO;
				ENABLE_STRICT_OBJC_MSGSEND = YES;
				GCC_C_LANGUAGE_STANDARD = gnu11;
				GCC_NO_COMMON_BLOCKS = YES;
				GCC_WARN_64_TO_32_BIT_CONVERSION = YES;
				GCC_WARN_ABOUT_RETURN_TYPE = YES_ERROR;
				GCC_WARN_UNDECLARED_SELECTOR = YES;
				GCC_WARN_UNINITIALIZED_AUTOS = YES_AGGRESSIVE;
				GCC_WARN_UNUSED_FUNCTION = YES;
				GCC_WARN_UNUSED_VARIABLE = YES;
				IPHONEOS_DEPLOYMENT_TARGET = 16.2;
				MTL_ENABLE_DEBUG_INFO = NO;
				MTL_FAST_MATH = YES;
				SDKROOT = iphoneos;
				SWIFT_COMPILATION_MODE = wholemodule;
				SWIFT_OPTIMIZATION_LEVEL = "-O";
				VALIDATE_PRODUCT = YES;
			};
			name = Release;
		};
		B1AFC5782A6A86F80041685D /* Debug */ = {
			isa = XCBuildConfiguration;
			buildSettings = {
				ASSETCATALOG_COMPILER_APPICON_NAME = AppIcon;
				ASSETCATALOG_COMPILER_GLOBAL_ACCENT_COLOR_NAME = AccentColor;
				CODE_SIGN_STYLE = Automatic;
				CURRENT_PROJECT_VERSION = 1;
				DEVELOPMENT_ASSET_PATHS = "\"ITunes/Preview Content\"";
				ENABLE_PREVIEWS = YES;
				GENERATE_INFOPLIST_FILE = YES;
				INFOPLIST_KEY_UIApplicationSceneManifest_Generation = YES;
				INFOPLIST_KEY_UIApplicationSupportsIndirectInputEvents = YES;
				INFOPLIST_KEY_UILaunchScreen_Generation = YES;
				INFOPLIST_KEY_UISupportedInterfaceOrientations_iPad = "UIInterfaceOrientationPortrait UIInterfaceOrientationPortraitUpsideDown UIInterfaceOrientationLandscapeLeft UIInterfaceOrientationLandscapeRight";
				INFOPLIST_KEY_UISupportedInterfaceOrientations_iPhone = "UIInterfaceOrientationPortrait UIInterfaceOrientationLandscapeLeft UIInterfaceOrientationLandscapeRight";
				LD_RUNPATH_SEARCH_PATHS = (
					"$(inherited)",
					"@executable_path/Frameworks",
				);
				MARKETING_VERSION = 1.0;
				PRODUCT_BUNDLE_IDENTIFIER = com.abc.com.ITunes;
				PRODUCT_NAME = "$(TARGET_NAME)";
				SWIFT_EMIT_LOC_STRINGS = YES;
				SWIFT_VERSION = 5.0;
				TARGETED_DEVICE_FAMILY = "1,2";
			};
			name = Debug;
		};
		B1AFC5792A6A86F80041685D /* Release */ = {
			isa = XCBuildConfiguration;
			buildSettings = {
				ASSETCATALOG_COMPILER_APPICON_NAME = AppIcon;
				ASSETCATALOG_COMPILER_GLOBAL_ACCENT_COLOR_NAME = AccentColor;
				CODE_SIGN_STYLE = Automatic;
				CURRENT_PROJECT_VERSION = 1;
				DEVELOPMENT_ASSET_PATHS = "\"ITunes/Preview Content\"";
				ENABLE_PREVIEWS = YES;
				GENERATE_INFOPLIST_FILE = YES;
				INFOPLIST_KEY_UIApplicationSceneManifest_Generation = YES;
				INFOPLIST_KEY_UIApplicationSupportsIndirectInputEvents = YES;
				INFOPLIST_KEY_UILaunchScreen_Generation = YES;
				INFOPLIST_KEY_UISupportedInterfaceOrientations_iPad = "UIInterfaceOrientationPortrait UIInterfaceOrientationPortraitUpsideDown UIInterfaceOrientationLandscapeLeft UIInterfaceOrientationLandscapeRight";
				INFOPLIST_KEY_UISupportedInterfaceOrientations_iPhone = "UIInterfaceOrientationPortrait UIInterfaceOrientationLandscapeLeft UIInterfaceOrientationLandscapeRight";
				LD_RUNPATH_SEARCH_PATHS = (
					"$(inherited)",
					"@executable_path/Frameworks",
				);
				MARKETING_VERSION = 1.0;
				PRODUCT_BUNDLE_IDENTIFIER = com.abc.com.ITunes;
				PRODUCT_NAME = "$(TARGET_NAME)";
				SWIFT_EMIT_LOC_STRINGS = YES;
				SWIFT_VERSION = 5.0;
				TARGETED_DEVICE_FAMILY = "1,2";
			};
			name = Release;
		};
		B1AFC57B2A6A86F80041685D /* Debug */ = {
			isa = XCBuildConfiguration;
			buildSettings = {
				ALWAYS_EMBED_SWIFT_STANDARD_LIBRARIES = YES;
				BUNDLE_LOADER = "$(TEST_HOST)";
				CODE_SIGN_STYLE = Automatic;
				CURRENT_PROJECT_VERSION = 1;
				GENERATE_INFOPLIST_FILE = YES;
				IPHONEOS_DEPLOYMENT_TARGET = 16.2;
				MARKETING_VERSION = 1.0;
				PRODUCT_BUNDLE_IDENTIFIER = com.abc.com.ITunesTests;
				PRODUCT_NAME = "$(TARGET_NAME)";
				SWIFT_EMIT_LOC_STRINGS = NO;
				SWIFT_VERSION = 5.0;
				TARGETED_DEVICE_FAMILY = "1,2";
				TEST_HOST = "$(BUILT_PRODUCTS_DIR)/ITunes.app/$(BUNDLE_EXECUTABLE_FOLDER_PATH)/ITunes";
			};
			name = Debug;
		};
		B1AFC57C2A6A86F80041685D /* Release */ = {
			isa = XCBuildConfiguration;
			buildSettings = {
				ALWAYS_EMBED_SWIFT_STANDARD_LIBRARIES = YES;
				BUNDLE_LOADER = "$(TEST_HOST)";
				CODE_SIGN_STYLE = Automatic;
				CURRENT_PROJECT_VERSION = 1;
				GENERATE_INFOPLIST_FILE = YES;
				IPHONEOS_DEPLOYMENT_TARGET = 16.2;
				MARKETING_VERSION = 1.0;
				PRODUCT_BUNDLE_IDENTIFIER = com.abc.com.ITunesTests;
				PRODUCT_NAME = "$(TARGET_NAME)";
				SWIFT_EMIT_LOC_STRINGS = NO;
				SWIFT_VERSION = 5.0;
				TARGETED_DEVICE_FAMILY = "1,2";
				TEST_HOST = "$(BUILT_PRODUCTS_DIR)/ITunes.app/$(BUNDLE_EXECUTABLE_FOLDER_PATH)/ITunes";
			};
			name = Release;
		};
		B1AFC57E2A6A86F80041685D /* Debug */ = {
			isa = XCBuildConfiguration;
			buildSettings = {
				ALWAYS_EMBED_SWIFT_STANDARD_LIBRARIES = YES;
				CODE_SIGN_STYLE = Automatic;
				CURRENT_PROJECT_VERSION = 1;
				GENERATE_INFOPLIST_FILE = YES;
				MARKETING_VERSION = 1.0;
				PRODUCT_BUNDLE_IDENTIFIER = com.abc.com.ITunesUITests;
				PRODUCT_NAME = "$(TARGET_NAME)";
				SWIFT_EMIT_LOC_STRINGS = NO;
				SWIFT_VERSION = 5.0;
				TARGETED_DEVICE_FAMILY = "1,2";
				TEST_TARGET_NAME = ITunes;
			};
			name = Debug;
		};
		B1AFC57F2A6A86F80041685D /* Release */ = {
			isa = XCBuildConfiguration;
			buildSettings = {
				ALWAYS_EMBED_SWIFT_STANDARD_LIBRARIES = YES;
				CODE_SIGN_STYLE = Automatic;
				CURRENT_PROJECT_VERSION = 1;
				GENERATE_INFOPLIST_FILE = YES;
				MARKETING_VERSION = 1.0;
				PRODUCT_BUNDLE_IDENTIFIER = com.abc.com.ITunesUITests;
				PRODUCT_NAME = "$(TARGET_NAME)";
				SWIFT_EMIT_LOC_STRINGS = NO;
				SWIFT_VERSION = 5.0;
				TARGETED_DEVICE_FAMILY = "1,2";
				TEST_TARGET_NAME = ITunes;
			};
			name = Release;
		};
/* End XCBuildConfiguration section */

/* Begin XCConfigurationList section */
		B1AFC54E2A6A86F50041685D /* Build configuration list for PBXProject "ITunes" */ = {
			isa = XCConfigurationList;
			buildConfigurations = (
				B1AFC5752A6A86F80041685D /* Debug */,
				B1AFC5762A6A86F80041685D /* Release */,
			);
			defaultConfigurationIsVisible = 0;
			defaultConfigurationName = Release;
		};
		B1AFC5772A6A86F80041685D /* Build configuration list for PBXNativeTarget "ITunes" */ = {
			isa = XCConfigurationList;
			buildConfigurations = (
				B1AFC5782A6A86F80041685D /* Debug */,
				B1AFC5792A6A86F80041685D /* Release */,
			);
			defaultConfigurationIsVisible = 0;
			defaultConfigurationName = Release;
		};
		B1AFC57A2A6A86F80041685D /* Build configuration list for PBXNativeTarget "ITunesTests" */ = {
			isa = XCConfigurationList;
			buildConfigurations = (
				B1AFC57B2A6A86F80041685D /* Debug */,
				B1AFC57C2A6A86F80041685D /* Release */,
			);
			defaultConfigurationIsVisible = 0;
			defaultConfigurationName = Release;
		};
		B1AFC57D2A6A86F80041685D /* Build configuration list for PBXNativeTarget "ITunesUITests" */ = {
			isa = XCConfigurationList;
			buildConfigurations = (
				B1AFC57E2A6A86F80041685D /* Debug */,
				B1AFC57F2A6A86F80041685D /* Release */,
			);
			defaultConfigurationIsVisible = 0;
			defaultConfigurationName = Release;
		};
/* End XCConfigurationList section */
	};
	rootObject = B1AFC54B2A6A86F50041685D /* Project object */;
}
